
Microsoft Visual Studio Solution File, Format Version 12.00
# Visual Studio Version 17
VisualStudioVersion = 17.12.35514.174
MinimumVisualStudioVersion = 10.0.40219.1
Project("{FAE04EC0-301F-11D3-BF4B-00C04F79EFBC}") = "ConsoleApp2", "ConsoleApp2\ConsoleApp2.csproj", "{F8A84A78-A367-498B-AC8C-FBCF8CA5D238}"
EndProject
Project("{FAE04EC0-301F-11D3-BF4B-00C04F79EFBC}") = "Array.diff", "Array.diff\Array.diff.csproj", "{2908ACFB-1929-473F-85AD-605AC80E6E7F}"
EndProject
Project("{FAE04EC0-301F-11D3-BF4B-00C04F79EFBC}") = "Stop gninnipS My sdroW!", "ConsoleApp1\Stop gninnipS My sdroW!.csproj", "{59E7E9D1-C44E-438C-AED2-F34EC9508DE5}"
EndProject
Project("{FAE04EC0-301F-11D3-BF4B-00C04F79EFBC}") = "Exes and Ohs", "Exes and Ohs\Exes and Ohs.csproj", "{05D6F9AC-473B-455C-A927-D4AEA5BE00E5}"
EndProject
Project("{FAE04EC0-301F-11D3-BF4B-00C04F79EFBC}") = "Mexican Wave", "Mexican Wave\Mexican Wave.csproj", "{C588D1F6-E7BB-4EDB-BB2D-089270A4E4CB}"
EndProject
Project("{FAE04EC0-301F-11D3-BF4B-00C04F79EFBC}") = "Moving Zeros To The End", "Moving Zeros To The End\Moving Zeros To The End.csproj", "{2864B001-9A41-4F8E-9C63-36E23C43A680}"
EndProject
Project("{FAE04EC0-301F-11D3-BF4B-00C04F79EFBC}") = "Moving Zeros To The End2", "Moving Zeros To The End2\Moving Zeros To The End2.csproj", "{18B10ECD-7D5C-4E7A-80FA-5EAAD8E09D32}"
EndProject
Project("{FAE04EC0-301F-11D3-BF4B-00C04F79EFBC}") = "Persistent Bugger", "Persistent Bugger\Persistent Bugger.csproj", "{0FA34F63-5289-4C54-8FCB-C1811A277D96}"
EndProject
Project("{FAE04EC0-301F-11D3-BF4B-00C04F79EFBC}") = "Printer Errors", "Printer Errors\Printer Errors.csproj", "{42A4DF80-8D3E-42B1-BFA4-CC432273E1B1}"
EndProject
Project("{FAE04EC0-301F-11D3-BF4B-00C04F79EFBC}") = "Product of consecutive Fib numbers", "Product of consecutive Fib numbers\Product of consecutive Fib numbers.csproj", "{C72463F0-14BC-486F-9192-BB3C6E25D08C}"
EndProject
Project("{FAE04EC0-301F-11D3-BF4B-00C04F79EFBC}") = "Roman Numerals Helper", "Roman Numerals Helper\Roman Numerals Helper.csproj", "{96926D54-3DC6-446C-A65D-26220EEF9F34}"
EndProject
Project("{FAE04EC0-301F-11D3-BF4B-00C04F79EFBC}") = "Sum of Digits (Digital Root)", "Sum of Digits (Digital Root)\Sum of Digits (Digital Root).csproj", "{D50BF483-2745-4132-A3F4-5E9B1090A843}"
EndProject
Project("{FAE04EC0-301F-11D3-BF4B-00C04F79EFBC}") = "Total amount of points", "Total amount of points\Total amount of points.csproj", "{C0FE56AD-DA69-4B8B-8012-1BACDD52B69E}"
EndProject
Project("{FAE04EC0-301F-11D3-BF4B-00C04F79EFBC}") = "SameCase", "SameCase\SameCase.csproj", "{22920915-B509-499B-9C09-AE06835CE24A}"
EndProject
Project("{FAE04EC0-301F-11D3-BF4B-00C04F79EFBC}") = "Catching Car Mileage Numbers", "Catching Car Mileage Numbers\Catching Car Mileage Numbers.csproj", "{BFBC2446-640B-4334-8B9A-C7B0EF11E8FF}"
EndProject
Project("{FAE04EC0-301F-11D3-BF4B-00C04F79EFBC}") = "Rot13", "Rot13\Rot13.csproj", "{13E44451-F5F0-4177-B515-3ABEF1545F2C}"
EndProject
Project("{FAE04EC0-301F-11D3-BF4B-00C04F79EFBC}") = "What's a Perfect Power anyway", "What's a Perfect Power anyway\What's a Perfect Power anyway.csproj", "{204B1524-8A61-49E2-9B6D-C4D0073A0FAF}"
EndProject
Project("{FAE04EC0-301F-11D3-BF4B-00C04F79EFBC}") = "Not very secure", "Not very secure\Not very secure.csproj", "{00081A29-C26F-4813-A927-33B3B5EC791E}"
EndProject
Project("{FAE04EC0-301F-11D3-BF4B-00C04F79EFBC}") = "Sum by Factors", "Sum by Factors\Sum by Factors.csproj", "{F7EA6D2E-D862-4179-9AEF-3489C8248B25}"
EndProject
Project("{FAE04EC0-301F-11D3-BF4B-00C04F79EFBC}") = "Primes in numbers", "Primes in numbers\Primes in numbers.csproj", "{F5ADCF74-41C4-4BC6-937E-018521A68125}"
EndProject
Project("{FAE04EC0-301F-11D3-BF4B-00C04F79EFBC}") = "Range Extraction", "Range Extraction\Range Extraction.csproj", "{C8E59024-A14F-4C73-8232-0A9A3C9A0BB7}"
EndProject
Project("{2150E333-8FDC-42A3-9474-1A3956D46DE8}") = "solutions", "solutions", "{0F221328-5FC3-4D26-BFE2-F2018811721B}"
EndProject
Project("{2150E333-8FDC-42A3-9474-1A3956D46DE8}") = "tests", "tests", "{F3977773-212C-4430-A666-68D425B4CA76}"
EndProject
Project("{FAE04EC0-301F-11D3-BF4B-00C04F79EFBC}") = "Range Extraction tests", "Range Extraction tests\Range Extraction tests.csproj", "{14ACFF82-F767-4FBF-8858-3117160B87CC}"
EndProject
Project("{FAE04EC0-301F-11D3-BF4B-00C04F79EFBC}") = "TestProject1", "TestProject1\TestProject1.csproj", "{CAE65B5E-3D75-4501-84C0-3EBCDD09FA25}"
EndProject
Project("{FAE04EC0-301F-11D3-BF4B-00C04F79EFBC}") = "Square into Squares. Protect trees", "Square into Squares. Protect trees\Square into Squares. Protect trees.csproj", "{880F4398-5C1F-40B5-A383-821A2F539E4C}"
EndProject
Project("{FAE04EC0-301F-11D3-BF4B-00C04F79EFBC}") = "Square into Squares. Protect trees tests", "Square into Squares. Protect trees tests\Square into Squares. Protect trees tests.csproj", "{9D53F36C-3F1F-46CD-8622-C4BC8FA41B3C}"
EndProject
Project("{FAE04EC0-301F-11D3-BF4B-00C04F79EFBC}") = "Square into Squares. Protect trees - base logic", "Square into Squares. Protect trees - base logic\Square into Squares. Protect trees - base logic.csproj", "{8E00F866-1D6D-4063-983C-D527DEAAD11A}"
EndProject
Project("{FAE04EC0-301F-11D3-BF4B-00C04F79EFBC}") = "Square into Squares. Protect trees - base logic1", "Square into Squares. Protect trees - base logic1\Square into Squares. Protect trees - base logic1.csproj", "{16C847D9-FB72-4063-829F-AD4D35913DCD}"
EndProject
Project("{FAE04EC0-301F-11D3-BF4B-00C04F79EFBC}") = "Square into Squares. Protect trees! - base logic2", "Square into Squares. Protect trees! - base logic2\Square into Squares. Protect trees! - base logic2.csproj", "{18E106DC-1EF9-47A1-B16F-27C1652DFCD6}"
EndProject
Global
	GlobalSection(SolutionConfigurationPlatforms) = preSolution
		Debug|Any CPU = Debug|Any CPU
		Release|Any CPU = Release|Any CPU
	EndGlobalSection
	GlobalSection(ProjectConfigurationPlatforms) = postSolution
		{F8A84A78-A367-498B-AC8C-FBCF8CA5D238}.Debug|Any CPU.ActiveCfg = Debug|Any CPU
		{F8A84A78-A367-498B-AC8C-FBCF8CA5D238}.Debug|Any CPU.Build.0 = Debug|Any CPU
		{F8A84A78-A367-498B-AC8C-FBCF8CA5D238}.Release|Any CPU.ActiveCfg = Release|Any CPU
		{F8A84A78-A367-498B-AC8C-FBCF8CA5D238}.Release|Any CPU.Build.0 = Release|Any CPU
		{2908ACFB-1929-473F-85AD-605AC80E6E7F}.Debug|Any CPU.ActiveCfg = Debug|Any CPU
		{2908ACFB-1929-473F-85AD-605AC80E6E7F}.Debug|Any CPU.Build.0 = Debug|Any CPU
		{2908ACFB-1929-473F-85AD-605AC80E6E7F}.Release|Any CPU.ActiveCfg = Release|Any CPU
		{2908ACFB-1929-473F-85AD-605AC80E6E7F}.Release|Any CPU.Build.0 = Release|Any CPU
		{59E7E9D1-C44E-438C-AED2-F34EC9508DE5}.Debug|Any CPU.ActiveCfg = Debug|Any CPU
		{59E7E9D1-C44E-438C-AED2-F34EC9508DE5}.Debug|Any CPU.Build.0 = Debug|Any CPU
		{59E7E9D1-C44E-438C-AED2-F34EC9508DE5}.Release|Any CPU.ActiveCfg = Release|Any CPU
		{59E7E9D1-C44E-438C-AED2-F34EC9508DE5}.Release|Any CPU.Build.0 = Release|Any CPU
		{05D6F9AC-473B-455C-A927-D4AEA5BE00E5}.Debug|Any CPU.ActiveCfg = Debug|Any CPU
		{05D6F9AC-473B-455C-A927-D4AEA5BE00E5}.Debug|Any CPU.Build.0 = Debug|Any CPU
		{05D6F9AC-473B-455C-A927-D4AEA5BE00E5}.Release|Any CPU.ActiveCfg = Release|Any CPU
		{05D6F9AC-473B-455C-A927-D4AEA5BE00E5}.Release|Any CPU.Build.0 = Release|Any CPU
		{C588D1F6-E7BB-4EDB-BB2D-089270A4E4CB}.Debug|Any CPU.ActiveCfg = Debug|Any CPU
		{C588D1F6-E7BB-4EDB-BB2D-089270A4E4CB}.Debug|Any CPU.Build.0 = Debug|Any CPU
		{C588D1F6-E7BB-4EDB-BB2D-089270A4E4CB}.Release|Any CPU.ActiveCfg = Release|Any CPU
		{C588D1F6-E7BB-4EDB-BB2D-089270A4E4CB}.Release|Any CPU.Build.0 = Release|Any CPU
		{2864B001-9A41-4F8E-9C63-36E23C43A680}.Debug|Any CPU.ActiveCfg = Debug|Any CPU
		{2864B001-9A41-4F8E-9C63-36E23C43A680}.Debug|Any CPU.Build.0 = Debug|Any CPU
		{2864B001-9A41-4F8E-9C63-36E23C43A680}.Release|Any CPU.ActiveCfg = Release|Any CPU
		{2864B001-9A41-4F8E-9C63-36E23C43A680}.Release|Any CPU.Build.0 = Release|Any CPU
		{18B10ECD-7D5C-4E7A-80FA-5EAAD8E09D32}.Debug|Any CPU.ActiveCfg = Debug|Any CPU
		{18B10ECD-7D5C-4E7A-80FA-5EAAD8E09D32}.Debug|Any CPU.Build.0 = Debug|Any CPU
		{18B10ECD-7D5C-4E7A-80FA-5EAAD8E09D32}.Release|Any CPU.ActiveCfg = Release|Any CPU
		{18B10ECD-7D5C-4E7A-80FA-5EAAD8E09D32}.Release|Any CPU.Build.0 = Release|Any CPU
		{0FA34F63-5289-4C54-8FCB-C1811A277D96}.Debug|Any CPU.ActiveCfg = Debug|Any CPU
		{0FA34F63-5289-4C54-8FCB-C1811A277D96}.Debug|Any CPU.Build.0 = Debug|Any CPU
		{0FA34F63-5289-4C54-8FCB-C1811A277D96}.Release|Any CPU.ActiveCfg = Release|Any CPU
		{0FA34F63-5289-4C54-8FCB-C1811A277D96}.Release|Any CPU.Build.0 = Release|Any CPU
		{42A4DF80-8D3E-42B1-BFA4-CC432273E1B1}.Debug|Any CPU.ActiveCfg = Debug|Any CPU
		{42A4DF80-8D3E-42B1-BFA4-CC432273E1B1}.Debug|Any CPU.Build.0 = Debug|Any CPU
		{42A4DF80-8D3E-42B1-BFA4-CC432273E1B1}.Release|Any CPU.ActiveCfg = Release|Any CPU
		{42A4DF80-8D3E-42B1-BFA4-CC432273E1B1}.Release|Any CPU.Build.0 = Release|Any CPU
		{C72463F0-14BC-486F-9192-BB3C6E25D08C}.Debug|Any CPU.ActiveCfg = Debug|Any CPU
		{C72463F0-14BC-486F-9192-BB3C6E25D08C}.Debug|Any CPU.Build.0 = Debug|Any CPU
		{C72463F0-14BC-486F-9192-BB3C6E25D08C}.Release|Any CPU.ActiveCfg = Release|Any CPU
		{C72463F0-14BC-486F-9192-BB3C6E25D08C}.Release|Any CPU.Build.0 = Release|Any CPU
		{96926D54-3DC6-446C-A65D-26220EEF9F34}.Debug|Any CPU.ActiveCfg = Debug|Any CPU
		{96926D54-3DC6-446C-A65D-26220EEF9F34}.Debug|Any CPU.Build.0 = Debug|Any CPU
		{96926D54-3DC6-446C-A65D-26220EEF9F34}.Release|Any CPU.ActiveCfg = Release|Any CPU
		{96926D54-3DC6-446C-A65D-26220EEF9F34}.Release|Any CPU.Build.0 = Release|Any CPU
		{D50BF483-2745-4132-A3F4-5E9B1090A843}.Debug|Any CPU.ActiveCfg = Debug|Any CPU
		{D50BF483-2745-4132-A3F4-5E9B1090A843}.Debug|Any CPU.Build.0 = Debug|Any CPU
		{D50BF483-2745-4132-A3F4-5E9B1090A843}.Release|Any CPU.ActiveCfg = Release|Any CPU
		{D50BF483-2745-4132-A3F4-5E9B1090A843}.Release|Any CPU.Build.0 = Release|Any CPU
		{C0FE56AD-DA69-4B8B-8012-1BACDD52B69E}.Debug|Any CPU.ActiveCfg = Debug|Any CPU
		{C0FE56AD-DA69-4B8B-8012-1BACDD52B69E}.Debug|Any CPU.Build.0 = Debug|Any CPU
		{C0FE56AD-DA69-4B8B-8012-1BACDD52B69E}.Release|Any CPU.ActiveCfg = Release|Any CPU
		{C0FE56AD-DA69-4B8B-8012-1BACDD52B69E}.Release|Any CPU.Build.0 = Release|Any CPU
		{22920915-B509-499B-9C09-AE06835CE24A}.Debug|Any CPU.ActiveCfg = Debug|Any CPU
		{22920915-B509-499B-9C09-AE06835CE24A}.Debug|Any CPU.Build.0 = Debug|Any CPU
		{22920915-B509-499B-9C09-AE06835CE24A}.Release|Any CPU.ActiveCfg = Release|Any CPU
		{22920915-B509-499B-9C09-AE06835CE24A}.Release|Any CPU.Build.0 = Release|Any CPU
		{BFBC2446-640B-4334-8B9A-C7B0EF11E8FF}.Debug|Any CPU.ActiveCfg = Debug|Any CPU
		{BFBC2446-640B-4334-8B9A-C7B0EF11E8FF}.Debug|Any CPU.Build.0 = Debug|Any CPU
		{BFBC2446-640B-4334-8B9A-C7B0EF11E8FF}.Release|Any CPU.ActiveCfg = Release|Any CPU
		{BFBC2446-640B-4334-8B9A-C7B0EF11E8FF}.Release|Any CPU.Build.0 = Release|Any CPU
		{13E44451-F5F0-4177-B515-3ABEF1545F2C}.Debug|Any CPU.ActiveCfg = Debug|Any CPU
		{13E44451-F5F0-4177-B515-3ABEF1545F2C}.Debug|Any CPU.Build.0 = Debug|Any CPU
		{13E44451-F5F0-4177-B515-3ABEF1545F2C}.Release|Any CPU.ActiveCfg = Release|Any CPU
		{13E44451-F5F0-4177-B515-3ABEF1545F2C}.Release|Any CPU.Build.0 = Release|Any CPU
		{204B1524-8A61-49E2-9B6D-C4D0073A0FAF}.Debug|Any CPU.ActiveCfg = Debug|Any CPU
		{204B1524-8A61-49E2-9B6D-C4D0073A0FAF}.Debug|Any CPU.Build.0 = Debug|Any CPU
		{204B1524-8A61-49E2-9B6D-C4D0073A0FAF}.Release|Any CPU.ActiveCfg = Release|Any CPU
		{204B1524-8A61-49E2-9B6D-C4D0073A0FAF}.Release|Any CPU.Build.0 = Release|Any CPU
		{00081A29-C26F-4813-A927-33B3B5EC791E}.Debug|Any CPU.ActiveCfg = Debug|Any CPU
		{00081A29-C26F-4813-A927-33B3B5EC791E}.Debug|Any CPU.Build.0 = Debug|Any CPU
		{00081A29-C26F-4813-A927-33B3B5EC791E}.Release|Any CPU.ActiveCfg = Release|Any CPU
		{00081A29-C26F-4813-A927-33B3B5EC791E}.Release|Any CPU.Build.0 = Release|Any CPU
		{F7EA6D2E-D862-4179-9AEF-3489C8248B25}.Debug|Any CPU.ActiveCfg = Debug|Any CPU
		{F7EA6D2E-D862-4179-9AEF-3489C8248B25}.Debug|Any CPU.Build.0 = Debug|Any CPU
		{F7EA6D2E-D862-4179-9AEF-3489C8248B25}.Release|Any CPU.ActiveCfg = Release|Any CPU
		{F7EA6D2E-D862-4179-9AEF-3489C8248B25}.Release|Any CPU.Build.0 = Release|Any CPU
		{F5ADCF74-41C4-4BC6-937E-018521A68125}.Debug|Any CPU.ActiveCfg = Debug|Any CPU
		{F5ADCF74-41C4-4BC6-937E-018521A68125}.Debug|Any CPU.Build.0 = Debug|Any CPU
		{F5ADCF74-41C4-4BC6-937E-018521A68125}.Release|Any CPU.ActiveCfg = Release|Any CPU
		{F5ADCF74-41C4-4BC6-937E-018521A68125}.Release|Any CPU.Build.0 = Release|Any CPU
		{C8E59024-A14F-4C73-8232-0A9A3C9A0BB7}.Debug|Any CPU.ActiveCfg = Debug|Any CPU
		{C8E59024-A14F-4C73-8232-0A9A3C9A0BB7}.Debug|Any CPU.Build.0 = Debug|Any CPU
		{C8E59024-A14F-4C73-8232-0A9A3C9A0BB7}.Release|Any CPU.ActiveCfg = Release|Any CPU
		{C8E59024-A14F-4C73-8232-0A9A3C9A0BB7}.Release|Any CPU.Build.0 = Release|Any CPU
		{14ACFF82-F767-4FBF-8858-3117160B87CC}.Debug|Any CPU.ActiveCfg = Debug|Any CPU
		{14ACFF82-F767-4FBF-8858-3117160B87CC}.Debug|Any CPU.Build.0 = Debug|Any CPU
		{14ACFF82-F767-4FBF-8858-3117160B87CC}.Release|Any CPU.ActiveCfg = Release|Any CPU
		{14ACFF82-F767-4FBF-8858-3117160B87CC}.Release|Any CPU.Build.0 = Release|Any CPU
		{CAE65B5E-3D75-4501-84C0-3EBCDD09FA25}.Debug|Any CPU.ActiveCfg = Debug|Any CPU
		{CAE65B5E-3D75-4501-84C0-3EBCDD09FA25}.Debug|Any CPU.Build.0 = Debug|Any CPU
		{CAE65B5E-3D75-4501-84C0-3EBCDD09FA25}.Release|Any CPU.ActiveCfg = Release|Any CPU
		{CAE65B5E-3D75-4501-84C0-3EBCDD09FA25}.Release|Any CPU.Build.0 = Release|Any CPU
		{880F4398-5C1F-40B5-A383-821A2F539E4C}.Debug|Any CPU.ActiveCfg = Debug|Any CPU
		{880F4398-5C1F-40B5-A383-821A2F539E4C}.Debug|Any CPU.Build.0 = Debug|Any CPU
		{880F4398-5C1F-40B5-A383-821A2F539E4C}.Release|Any CPU.ActiveCfg = Release|Any CPU
		{880F4398-5C1F-40B5-A383-821A2F539E4C}.Release|Any CPU.Build.0 = Release|Any CPU
		{9D53F36C-3F1F-46CD-8622-C4BC8FA41B3C}.Debug|Any CPU.ActiveCfg = Debug|Any CPU
		{9D53F36C-3F1F-46CD-8622-C4BC8FA41B3C}.Debug|Any CPU.Build.0 = Debug|Any CPU
		{9D53F36C-3F1F-46CD-8622-C4BC8FA41B3C}.Release|Any CPU.ActiveCfg = Release|Any CPU
		{9D53F36C-3F1F-46CD-8622-C4BC8FA41B3C}.Release|Any CPU.Build.0 = Release|Any CPU
		{8E00F866-1D6D-4063-983C-D527DEAAD11A}.Debug|Any CPU.ActiveCfg = Debug|Any CPU
		{8E00F866-1D6D-4063-983C-D527DEAAD11A}.Debug|Any CPU.Build.0 = Debug|Any CPU
		{8E00F866-1D6D-4063-983C-D527DEAAD11A}.Release|Any CPU.ActiveCfg = Release|Any CPU
		{8E00F866-1D6D-4063-983C-D527DEAAD11A}.Release|Any CPU.Build.0 = Release|Any CPU
		{16C847D9-FB72-4063-829F-AD4D35913DCD}.Debug|Any CPU.ActiveCfg = Debug|Any CPU
		{16C847D9-FB72-4063-829F-AD4D35913DCD}.Debug|Any CPU.Build.0 = Debug|Any CPU
		{16C847D9-FB72-4063-829F-AD4D35913DCD}.Release|Any CPU.ActiveCfg = Release|Any CPU
		{16C847D9-FB72-4063-829F-AD4D35913DCD}.Release|Any CPU.Build.0 = Release|Any CPU
		{18E106DC-1EF9-47A1-B16F-27C1652DFCD6}.Debug|Any CPU.ActiveCfg = Debug|Any CPU
		{18E106DC-1EF9-47A1-B16F-27C1652DFCD6}.Debug|Any CPU.Build.0 = Debug|Any CPU
		{18E106DC-1EF9-47A1-B16F-27C1652DFCD6}.Release|Any CPU.ActiveCfg = Release|Any CPU
		{18E106DC-1EF9-47A1-B16F-27C1652DFCD6}.Release|Any CPU.Build.0 = Release|Any CPU
	EndGlobalSection
	GlobalSection(SolutionProperties) = preSolution
		HideSolutionNode = FALSE
	EndGlobalSection
	GlobalSection(NestedProjects) = preSolution
		{F8A84A78-A367-498B-AC8C-FBCF8CA5D238} = {0F221328-5FC3-4D26-BFE2-F2018811721B}
		{2908ACFB-1929-473F-85AD-605AC80E6E7F} = {0F221328-5FC3-4D26-BFE2-F2018811721B}
		{59E7E9D1-C44E-438C-AED2-F34EC9508DE5} = {0F221328-5FC3-4D26-BFE2-F2018811721B}
		{05D6F9AC-473B-455C-A927-D4AEA5BE00E5} = {0F221328-5FC3-4D26-BFE2-F2018811721B}
		{C588D1F6-E7BB-4EDB-BB2D-089270A4E4CB} = {0F221328-5FC3-4D26-BFE2-F2018811721B}
		{2864B001-9A41-4F8E-9C63-36E23C43A680} = {0F221328-5FC3-4D26-BFE2-F2018811721B}
		{18B10ECD-7D5C-4E7A-80FA-5EAAD8E09D32} = {0F221328-5FC3-4D26-BFE2-F2018811721B}
		{0FA34F63-5289-4C54-8FCB-C1811A277D96} = {0F221328-5FC3-4D26-BFE2-F2018811721B}
		{42A4DF80-8D3E-42B1-BFA4-CC432273E1B1} = {0F221328-5FC3-4D26-BFE2-F2018811721B}
		{C72463F0-14BC-486F-9192-BB3C6E25D08C} = {0F221328-5FC3-4D26-BFE2-F2018811721B}
		{96926D54-3DC6-446C-A65D-26220EEF9F34} = {0F221328-5FC3-4D26-BFE2-F2018811721B}
		{D50BF483-2745-4132-A3F4-5E9B1090A843} = {0F221328-5FC3-4D26-BFE2-F2018811721B}
		{C0FE56AD-DA69-4B8B-8012-1BACDD52B69E} = {0F221328-5FC3-4D26-BFE2-F2018811721B}
		{22920915-B509-499B-9C09-AE06835CE24A} = {0F221328-5FC3-4D26-BFE2-F2018811721B}
		{BFBC2446-640B-4334-8B9A-C7B0EF11E8FF} = {0F221328-5FC3-4D26-BFE2-F2018811721B}
		{13E44451-F5F0-4177-B515-3ABEF1545F2C} = {0F221328-5FC3-4D26-BFE2-F2018811721B}
		{204B1524-8A61-49E2-9B6D-C4D0073A0FAF} = {0F221328-5FC3-4D26-BFE2-F2018811721B}
		{00081A29-C26F-4813-A927-33B3B5EC791E} = {0F221328-5FC3-4D26-BFE2-F2018811721B}
		{F7EA6D2E-D862-4179-9AEF-3489C8248B25} = {0F221328-5FC3-4D26-BFE2-F2018811721B}
		{F5ADCF74-41C4-4BC6-937E-018521A68125} = {0F221328-5FC3-4D26-BFE2-F2018811721B}
		{C8E59024-A14F-4C73-8232-0A9A3C9A0BB7} = {0F221328-5FC3-4D26-BFE2-F2018811721B}
		{14ACFF82-F767-4FBF-8858-3117160B87CC} = {F3977773-212C-4430-A666-68D425B4CA76}
		{CAE65B5E-3D75-4501-84C0-3EBCDD09FA25} = {F3977773-212C-4430-A666-68D425B4CA76}
		{880F4398-5C1F-40B5-A383-821A2F539E4C} = {0F221328-5FC3-4D26-BFE2-F2018811721B}
		{9D53F36C-3F1F-46CD-8622-C4BC8FA41B3C} = {F3977773-212C-4430-A666-68D425B4CA76}
		{8E00F866-1D6D-4063-983C-D527DEAAD11A} = {0F221328-5FC3-4D26-BFE2-F2018811721B}
		{16C847D9-FB72-4063-829F-AD4D35913DCD} = {0F221328-5FC3-4D26-BFE2-F2018811721B}
		{18E106DC-1EF9-47A1-B16F-27C1652DFCD6} = {0F221328-5FC3-4D26-BFE2-F2018811721B}
	EndGlobalSection
EndGlobal
